// !$*UTF8*$!
{
	archiveVersion = 1;
	classes = {
	};
	objectVersion = 55;
	objects = {

/* Begin PBXBuildFile section */
		B24A3DD0282371E700719CAE /* Memorize_2App.swift in Sources */ = {isa = PBXBuildFile; fileRef = B24A3DCF282371E700719CAE /* Memorize_2App.swift */; };
		B24A3DD2282371E700719CAE /* EmojiMemoryGameView.swift in Sources */ = {isa = PBXBuildFile; fileRef = B24A3DD1282371E700719CAE /* EmojiMemoryGameView.swift */; };
		B24A3DD4282371EA00719CAE /* Assets.xcassets in Resources */ = {isa = PBXBuildFile; fileRef = B24A3DD3282371EA00719CAE /* Assets.xcassets */; };
		B24A3DD7282371EA00719CAE /* Preview Assets.xcassets in Resources */ = {isa = PBXBuildFile; fileRef = B24A3DD6282371EA00719CAE /* Preview Assets.xcassets */; };
		B24C519628479A3200C632F1 /* Cardify.swift in Sources */ = {isa = PBXBuildFile; fileRef = B24C519528479A3200C632F1 /* Cardify.swift */; };
		B26063A328313FE6006C35C1 /* MemoryGame.swift in Sources */ = {isa = PBXBuildFile; fileRef = B26063A228313FE6006C35C1 /* MemoryGame.swift */; };
		B26063A5283141B0006C35C1 /* EmojiMemoryGame.swift in Sources */ = {isa = PBXBuildFile; fileRef = B26063A4283141B0006C35C1 /* EmojiMemoryGame.swift */; };
		B2AB5D0328430CFB00E9D0AD /* Grid.swift in Sources */ = {isa = PBXBuildFile; fileRef = B2AB5D0228430CFB00E9D0AD /* Grid.swift */; };
		B2AB5D05284351CD00E9D0AD /* GridLayout.swift in Sources */ = {isa = PBXBuildFile; fileRef = B2AB5D04284351CD00E9D0AD /* GridLayout.swift */; };
		B2AB5D072843574200E9D0AD /* Array+Identifiable.swift in Sources */ = {isa = PBXBuildFile; fileRef = B2AB5D062843574200E9D0AD /* Array+Identifiable.swift */; };
		B2AB5D092843C13000E9D0AD /* Array+Only.swift in Sources */ = {isa = PBXBuildFile; fileRef = B2AB5D082843C13000E9D0AD /* Array+Only.swift */; };
		B2F3C2F82846529A00E37CF2 /* Pie.swift in Sources */ = {isa = PBXBuildFile; fileRef = B2F3C2F72846529900E37CF2 /* Pie.swift */; };
/* End PBXBuildFile section */

/* Begin PBXFileReference section */
		B24A3DCC282371E700719CAE /* Memorize_2.app */ = {isa = PBXFileReference; explicitFileType = wrapper.application; includeInIndex = 0; path = Memorize_2.app; sourceTree = BUILT_PRODUCTS_DIR; };
		B24A3DCF282371E700719CAE /* Memorize_2App.swift */ = {isa = PBXFileReference; lastKnownFileType = sourcecode.swift; path = Memorize_2App.swift; sourceTree = "<group>"; };
		B24A3DD1282371E700719CAE /* EmojiMemoryGameView.swift */ = {isa = PBXFileReference; lastKnownFileType = sourcecode.swift; path = EmojiMemoryGameView.swift; sourceTree = "<group>"; };
		B24A3DD3282371EA00719CAE /* Assets.xcassets */ = {isa = PBXFileReference; lastKnownFileType = folder.assetcatalog; path = Assets.xcassets; sourceTree = "<group>"; };
		B24A3DD6282371EA00719CAE /* Preview Assets.xcassets */ = {isa = PBXFileReference; lastKnownFileType = folder.assetcatalog; path = "Preview Assets.xcassets"; sourceTree = "<group>"; };
		B24C519528479A3200C632F1 /* Cardify.swift */ = {isa = PBXFileReference; lastKnownFileType = sourcecode.swift; path = Cardify.swift; sourceTree = "<group>"; };
		B26063A228313FE6006C35C1 /* MemoryGame.swift */ = {isa = PBXFileReference; lastKnownFileType = sourcecode.swift; path = MemoryGame.swift; sourceTree = "<group>"; };
		B26063A4283141B0006C35C1 /* EmojiMemoryGame.swift */ = {isa = PBXFileReference; lastKnownFileType = sourcecode.swift; path = EmojiMemoryGame.swift; sourceTree = "<group>"; };
		B2AB5D0228430CFB00E9D0AD /* Grid.swift */ = {isa = PBXFileReference; lastKnownFileType = sourcecode.swift; path = Grid.swift; sourceTree = "<group>"; };
		B2AB5D04284351CD00E9D0AD /* GridLayout.swift */ = {isa = PBXFileReference; lastKnownFileType = sourcecode.swift; path = GridLayout.swift; sourceTree = "<group>"; };
		B2AB5D062843574200E9D0AD /* Array+Identifiable.swift */ = {isa = PBXFileReference; lastKnownFileType = sourcecode.swift; path = "Array+Identifiable.swift"; sourceTree = "<group>"; };
		B2AB5D082843C13000E9D0AD /* Array+Only.swift */ = {isa = PBXFileReference; lastKnownFileType = sourcecode.swift; path = "Array+Only.swift"; sourceTree = "<group>"; };
		B2F3C2F72846529900E37CF2 /* Pie.swift */ = {isa = PBXFileReference; lastKnownFileType = sourcecode.swift; path = Pie.swift; sourceTree = "<group>"; };
/* End PBXFileReference section */

/* Begin PBXFrameworksBuildPhase section */
		B24A3DC9282371E700719CAE /* Frameworks */ = {
			isa = PBXFrameworksBuildPhase;
			buildActionMask = 2147483647;
			files = (
			);
			runOnlyForDeploymentPostprocessing = 0;
		};
/* End PBXFrameworksBuildPhase section */

/* Begin PBXGroup section */
		B24A3DC3282371E700719CAE = {
			isa = PBXGroup;
			children = (
				B24A3DCE282371E700719CAE /* Memorize_2 */,
				B24A3DCD282371E700719CAE /* Products */,
			);
			sourceTree = "<group>";
		};
		B24A3DCD282371E700719CAE /* Products */ = {
			isa = PBXGroup;
			children = (
				B24A3DCC282371E700719CAE /* Memorize_2.app */,
			);
			name = Products;
			sourceTree = "<group>";
		};
		B24A3DCE282371E700719CAE /* Memorize_2 */ = {
			isa = PBXGroup;
			children = (
				B24A3DCF282371E700719CAE /* Memorize_2App.swift */,
				B24A3DD1282371E700719CAE /* EmojiMemoryGameView.swift */,
				B24C519528479A3200C632F1 /* Cardify.swift */,
				B2F3C2F72846529900E37CF2 /* Pie.swift */,
				B2AB5D0228430CFB00E9D0AD /* Grid.swift */,
				B2AB5D062843574200E9D0AD /* Array+Identifiable.swift */,
				B2AB5D04284351CD00E9D0AD /* GridLayout.swift */,
				B26063A4283141B0006C35C1 /* EmojiMemoryGame.swift */,
				B24A3DD3282371EA00719CAE /* Assets.xcassets */,
				B24A3DD5282371EA00719CAE /* Preview Content */,
				B26063A228313FE6006C35C1 /* MemoryGame.swift */,
				B2AB5D082843C13000E9D0AD /* Array+Only.swift */,
			);
			path = Memorize_2;
			sourceTree = "<group>";
		};
		B24A3DD5282371EA00719CAE /* Preview Content */ = {
			isa = PBXGroup;
			children = (
				B24A3DD6282371EA00719CAE /* Preview Assets.xcassets */,
			);
			path = "Preview Content";
			sourceTree = "<group>";
		};
/* End PBXGroup section */

/* Begin PBXNativeTarget section */
		B24A3DCB282371E700719CAE /* Memorize_2 */ = {
			isa = PBXNativeTarget;
			buildConfigurationList = B24A3DDA282371EA00719CAE /* Build configuration list for PBXNativeTarget "Memorize_2" */;
			buildPhases = (
				B24A3DC8282371E700719CAE /* Sources */,
				B24A3DC9282371E700719CAE /* Frameworks */,
				B24A3DCA282371E700719CAE /* Resources */,
			);
			buildRules = (
			);
			dependencies = (
			);
			name = Memorize_2;
			productName = Memorize_2;
			productReference = B24A3DCC282371E700719CAE /* Memorize_2.app */;
			productType = "com.apple.product-type.application";
		};
/* End PBXNativeTarget section */

/* Begin PBXProject section */
		B24A3DC4282371E700719CAE /* Project object */ = {
			isa = PBXProject;
			attributes = {
				BuildIndependentTargetsInParallel = 1;
				LastSwiftUpdateCheck = 1310;
				LastUpgradeCheck = 1310;
				TargetAttributes = {
					B24A3DCB282371E700719CAE = {
						CreatedOnToolsVersion = 13.1;
					};
				};
			};
			buildConfigurationList = B24A3DC7282371E700719CAE /* Build configuration list for PBXProject "Memorize_2" */;
			compatibilityVersion = "Xcode 13.0";
			developmentRegion = en;
			hasScannedForEncodings = 0;
			knownRegions = (
				en,
				Base,
			);
			mainGroup = B24A3DC3282371E700719CAE;
			productRefGroup = B24A3DCD282371E700719CAE /* Products */;
			projectDirPath = "";
			projectRoot = "";
			targets = (
				B24A3DCB282371E700719CAE /* Memorize_2 */,
			);
		};
/* End PBXProject section */

/* Begin PBXResourcesBuildPhase section */
		B24A3DCA282371E700719CAE /* Resources */ = {
			isa = PBXResourcesBuildPhase;
			buildActionMask = 2147483647;
			files = (
				B24A3DD7282371EA00719CAE /* Preview Assets.xcassets in Resources */,
				B24A3DD4282371EA00719CAE /* Assets.xcassets in Resources */,
			);
			runOnlyForDeploymentPostprocessing = 0;
		};
/* End PBXResourcesBuildPhase section */

/* Begin PBXSourcesBuildPhase section */
		B24A3DC8282371E700719CAE /* Sources */ = {
			isa = PBXSourcesBuildPhase;
			buildActionMask = 2147483647;
			files = (
				B26063A328313FE6006C35C1 /* MemoryGame.swift in Sources */,
				B24A3DD2282371E700719CAE /* EmojiMemoryGameView.swift in Sources */,
				B24A3DD0282371E700719CAE /* Memorize_2App.swift in Sources */,
				B2F3C2F82846529A00E37CF2 /* Pie.swift in Sources */,
				B2AB5D05284351CD00E9D0AD /* GridLayout.swift in Sources */,
				B2AB5D0328430CFB00E9D0AD /* Grid.swift in Sources */,
				B2AB5D072843574200E9D0AD /* Array+Identifiable.swift in Sources */,
				B26063A5283141B0006C35C1 /* EmojiMemoryGame.swift in Sources */,
				B24C519628479A3200C632F1 /* Cardify.swift in Sources */,
				B2AB5D092843C13000E9D0AD /* Array+Only.swift in Sources */,
			);
			runOnlyForDeploymentPostprocessing = 0;
		};
/* End PBXSourcesBuildPhase section */

/* Begin XCBuildConfiguration section */
		B24A3DD8282371EA00719CAE /* Debug */ = {
			isa = XCBuildConfiguration;
			buildSettings = {
				ALWAYS_SEARCH_USER_PATHS = NO;
				CLANG_ANALYZER_NONNULL = YES;
				CLANG_ANALYZER_NUMBER_OBJECT_CONVERSION = YES_AGGRESSIVE;
				CLANG_CXX_LANGUAGE_STANDARD = "gnu++17";
				CLANG_CXX_LIBRARY = "libc++";
				CLANG_ENABLE_MODULES = YES;
				CLANG_ENABLE_OBJC_ARC = YES;
				CLANG_ENABLE_OBJC_WEAK = YES;
				CLANG_WARN_BLOCK_CAPTURE_AUTORELEASING = YES;
				CLANG_WARN_BOOL_CONVERSION = YES;
				CLANG_WARN_COMMA = YES;
				CLANG_WARN_CONSTANT_CONVERSION = YES;
				CLANG_WARN_DEPRECATED_OBJC_IMPLEMENTATIONS = YES;
				CLANG_WARN_DIRECT_OBJC_ISA_USAGE = YES_ERROR;
				CLANG_WARN_DOCUMENTATION_COMMENTS = YES;
				CLANG_WARN_EMPTY_BODY = YES;
				CLANG_WARN_ENUM_CONVERSION = YES;
				CLANG_WARN_INFINITE_RECURSION = YES;
				CLANG_WARN_INT_CONVERSION = YES;
				CLANG_WARN_NON_LITERAL_NULL_CONVERSION = YES;
				CLANG_WARN_OBJC_IMPLICIT_RETAIN_SELF = YES;
				CLANG_WARN_OBJC_LITERAL_CONVERSION = YES;
				CLANG_WARN_OBJC_ROOT_CLASS = YES_ERROR;
				CLANG_WARN_QUOTED_INCLUDE_IN_FRAMEWORK_HEADER = YES;
				CLANG_WARN_RANGE_LOOP_ANALYSIS = YES;
				CLANG_WARN_STRICT_PROTOTYPES = YES;
				CLANG_WARN_SUSPICIOUS_MOVE = YES;
				CLANG_WARN_UNGUARDED_AVAILABILITY = YES_AGGRESSIVE;
				CLANG_WARN_UNREACHABLE_CODE = YES;
				CLANG_WARN__DUPLICATE_METHOD_MATCH = YES;
				COPY_PHASE_STRIP = NO;
				DEBUG_INFORMATION_FORMAT = dwarf;
				ENABLE_STRICT_OBJC_MSGSEND = YES;
				ENABLE_TESTABILITY = YES;
				GCC_C_LANGUAGE_STANDARD = gnu11;
				GCC_DYNAMIC_NO_PIC = NO;
				GCC_NO_COMMON_BLOCKS = YES;
				GCC_OPTIMIZATION_LEVEL = 0;
				GCC_PREPROCESSOR_DEFINITIONS = (
					"DEBUG=1",
					"$(inherited)",
				);
				GCC_WARN_64_TO_32_BIT_CONVERSION = YES;
				GCC_WARN_ABOUT_RETURN_TYPE = YES_ERROR;
				GCC_WARN_UNDECLARED_SELECTOR = YES;
				GCC_WARN_UNINITIALIZED_AUTOS = YES_AGGRESSIVE;
				GCC_WARN_UNUSED_FUNCTION = YES;
				GCC_WARN_UNUSED_VARIABLE = YES;
				IPHONEOS_DEPLOYMENT_TARGET = 15.0;
				MTL_ENABLE_DEBUG_INFO = INCLUDE_SOURCE;
				MTL_FAST_MATH = YES;
				ONLY_ACTIVE_ARCH = YES;
				SDKROOT = iphoneos;
				SWIFT_ACTIVE_COMPILATION_CONDITIONS = DEBUG;
				SWIFT_OPTIMIZATION_LEVEL = "-Onone";
			};
			name = Debug;
		};
		B24A3DD9282371EA00719CAE /* Release */ = {
			isa = XCBuildConfiguration;
			buildSettings = {
				ALWAYS_SEARCH_USER_PATHS = NO;
				CLANG_ANALYZER_NONNULL = YES;
				CLANG_ANALYZER_NUMBER_OBJECT_CONVERSION = YES_AGGRESSIVE;
				CLANG_CXX_LANGUAGE_STANDARD = "gnu++17";
				CLANG_CXX_LIBRARY = "libc++";
				CLANG_ENABLE_MODULES = YES;
				CLANG_ENABLE_OBJC_ARC = YES;
				CLANG_ENABLE_OBJC_WEAK = YES;
				CLANG_WARN_BLOCK_CAPTURE_AUTORELEASING = YES;
				CLANG_WARN_BOOL_CONVERSION = YES;
				CLANG_WARN_COMMA = YES;
				CLANG_WARN_CONSTANT_CONVERSION = YES;
				CLANG_WARN_DEPRECATED_OBJC_IMPLEMENTATIONS = YES;
				CLANG_WARN_DIRECT_OBJC_ISA_USAGE = YES_ERROR;
				CLANG_WARN_DOCUMENTATION_COMMENTS = YES;
				CLANG_WARN_EMPTY_BODY = YES;
				CLANG_WARN_ENUM_CONVERSION = YES;
				CLANG_WARN_INFINITE_RECURSION = YES;
				CLANG_WARN_INT_CONVERSION = YES;
				CLANG_WARN_NON_LITERAL_NULL_CONVERSION = YES;
				CLANG_WARN_OBJC_IMPLICIT_RETAIN_SELF = YES;
				CLANG_WARN_OBJC_LITERAL_CONVERSION = YES;
				CLANG_WARN_OBJC_ROOT_CLASS = YES_ERROR;
				CLANG_WARN_QUOTED_INCLUDE_IN_FRAMEWORK_HEADER = YES;
				CLANG_WARN_RANGE_LOOP_ANALYSIS = YES;
				CLANG_WARN_STRICT_PROTOTYPES = YES;
				CLANG_WARN_SUSPICIOUS_MOVE = YES;
				CLANG_WARN_UNGUARDED_AVAILABILITY = YES_AGGRESSIVE;
				CLANG_WARN_UNREACHABLE_CODE = YES;
				CLANG_WARN__DUPLICATE_METHOD_MATCH = YES;
				COPY_PHASE_STRIP = NO;
				DEBUG_INFORMATION_FORMAT = "dwarf-with-dsym";
				ENABLE_NS_ASSERTIONS = NO;
				ENABLE_STRICT_OBJC_MSGSEND = YES;
				GCC_C_LANGUAGE_STANDARD = gnu11;
				GCC_NO_COMMON_BLOCKS = YES;
				GCC_WARN_64_TO_32_BIT_CONVERSION = YES;
				GCC_WARN_ABOUT_RETURN_TYPE = YES_ERROR;
				GCC_WARN_UNDECLARED_SELECTOR = YES;
				GCC_WARN_UNINITIALIZED_AUTOS = YES_AGGRESSIVE;
				GCC_WARN_UNUSED_FUNCTION = YES;
				GCC_WARN_UNUSED_VARIABLE = YES;
				IPHONEOS_DEPLOYMENT_TARGET = 15.0;
				MTL_ENABLE_DEBUG_INFO = NO;
				MTL_FAST_MATH = YES;
				SDKROOT = iphoneos;
				SWIFT_COMPILATION_MODE = wholemodule;
				SWIFT_OPTIMIZATION_LEVEL = "-O";
				VALIDATE_PRODUCT = YES;
			};
			name = Release;
		};
		B24A3DDB282371EA00719CAE /* Debug */ = {
			isa = XCBuildConfiguration;
			buildSettings = {
				ASSETCATALOG_COMPILER_APPICON_NAME = AppIcon;
				ASSETCATALOG_COMPILER_GLOBAL_ACCENT_COLOR_NAME = AccentColor;
				CODE_SIGN_STYLE = Automatic;
				CURRENT_PROJECT_VERSION = 1;
				DEVELOPMENT_ASSET_PATHS = "\"Memorize_2/Preview Content\"";
				DEVELOPMENT_TEAM = LXPQ92Y325;
				ENABLE_PREVIEWS = YES;
				GENERATE_INFOPLIST_FILE = YES;
				INFOPLIST_KEY_UIApplicationSceneManifest_Generation = YES;
				INFOPLIST_KEY_UIApplicationSupportsIndirectInputEvents = YES;
				INFOPLIST_KEY_UILaunchScreen_Generation = YES;
				INFOPLIST_KEY_UISupportedInterfaceOrientations_iPad = "UIInterfaceOrientationPortrait UIInterfaceOrientationPortraitUpsideDown UIInterfaceOrientationLandscapeLeft UIInterfaceOrientationLandscapeRight";
				INFOPLIST_KEY_UISupportedInterfaceOrientations_iPhone = "UIInterfaceOrientationPortrait UIInterfaceOrientationLandscapeLeft UIInterfaceOrientationLandscapeRight";
				LD_RUNPATH_SEARCH_PATHS = (
					"$(inherited)",
					"@executable_path/Frameworks",
				);
				MARKETING_VERSION = 1.0;
				PRODUCT_BUNDLE_IDENTIFIER = "co.oenghokleng.Memorize-2";
				PRODUCT_NAME = "$(TARGET_NAME)";
				SWIFT_EMIT_LOC_STRINGS = YES;
				SWIFT_VERSION = 5.0;
				TARGETED_DEVICE_FAMILY = "1,2";
			};
			name = Debug;
		};
		B24A3DDC282371EA00719CAE /* Release */ = {
			isa = XCBuildConfiguration;
			buildSettings = {
				ASSETCATALOG_COMPILER_APPICON_NAME = AppIcon;
				ASSETCATALOG_COMPILER_GLOBAL_ACCENT_COLOR_NAME = AccentColor;
				CODE_SIGN_STYLE = Automatic;
				CURRENT_PROJECT_VERSION = 1;
				DEVELOPMENT_ASSET_PATHS = "\"Memorize_2/Preview Content\"";
				DEVELOPMENT_TEAM = LXPQ92Y325;
				ENABLE_PREVIEWS = YES;
				GENERATE_INFOPLIST_FILE = YES;
				INFOPLIST_KEY_UIApplicationSceneManifest_Generation = YES;
				INFOPLIST_KEY_UIApplicationSupportsIndirectInputEvents = YES;
				INFOPLIST_KEY_UILaunchScreen_Generation = YES;
				INFOPLIST_KEY_UISupportedInterfaceOrientations_iPad = "UIInterfaceOrientationPortrait UIInterfaceOrientationPortraitUpsideDown UIInterfaceOrientationLandscapeLeft UIInterfaceOrientationLandscapeRight";
				INFOPLIST_KEY_UISupportedInterfaceOrientations_iPhone = "UIInterfaceOrientationPortrait UIInterfaceOrientationLandscapeLeft UIInterfaceOrientationLandscapeRight";
				LD_RUNPATH_SEARCH_PATHS = (
					"$(inherited)",
					"@executable_path/Frameworks",
				);
				MARKETING_VERSION = 1.0;
				PRODUCT_BUNDLE_IDENTIFIER = "co.oenghokleng.Memorize-2";
				PRODUCT_NAME = "$(TARGET_NAME)";
				SWIFT_EMIT_LOC_STRINGS = YES;
				SWIFT_VERSION = 5.0;
				TARGETED_DEVICE_FAMILY = "1,2";
			};
			name = Release;
		};
/* End XCBuildConfiguration section */

/* Begin XCConfigurationList section */
		B24A3DC7282371E700719CAE /* Build configuration list for PBXProject "Memorize_2" */ = {
			isa = XCConfigurationList;
			buildConfigurations = (
				B24A3DD8282371EA00719CAE /* Debug */,
				B24A3DD9282371EA00719CAE /* Release */,
			);
			defaultConfigurationIsVisible = 0;
			defaultConfigurationName = Release;
		};
		B24A3DDA282371EA00719CAE /* Build configuration list for PBXNativeTarget "Memorize_2" */ = {
			isa = XCConfigurationList;
			buildConfigurations = (
				B24A3DDB282371EA00719CAE /* Debug */,
				B24A3DDC282371EA00719CAE /* Release */,
			);
			defaultConfigurationIsVisible = 0;
			defaultConfigurationName = Release;
		};
/* End XCConfigurationList section */
	};
	rootObject = B24A3DC4282371E700719CAE /* Project object */;
}
